
Microsoft Visual Studio Solution File, Format Version 12.00
# Visual Studio Version 17
VisualStudioVersion = 17.3.32929.385
MinimumVisualStudioVersion = 10.0.40219.1
Project("{FAE04EC0-301F-11D3-BF4B-00C04F79EFBC}") = "Ex02", "Ex02\Ex02.csproj", "{256744DF-9B79-4A5A-A4CB-22A64CA65FC3}"
EndProject
Global
	GlobalSection(SolutionConfigurationPlatforms) = preSolution
		Debug|Any CPU = Debug|Any CPU
		Release|Any CPU = Release|Any CPU
	EndGlobalSection
	GlobalSection(ProjectConfigurationPlatforms) = postSolution
		{256744DF-9B79-4A5A-A4CB-22A64CA65FC3}.Debug|Any CPU.ActiveCfg = Debug|Any CPU
		{256744DF-9B79-4A5A-A4CB-22A64CA65FC3}.Debug|Any CPU.Build.0 = Debug|Any CPU
		{256744DF-9B79-4A5A-A4CB-22A64CA65FC3}.Release|Any CPU.ActiveCfg = Release|Any CPU
		{256744DF-9B79-4A5A-A4CB-22A64CA65FC3}.Release|Any CPU.Build.0 = Release|Any CPU
	EndGlobalSection
	GlobalSection(SolutionProperties) = preSolution
		HideSolutionNode = FALSE
	EndGlobalSection
	GlobalSection(ExtensibilityGlobals) = postSolution
		SolutionGuid = {DB465D6B-71B2-4C79-ABCA-678C35A71DF9}
	EndGlobalSection
EndGlobal
